
Microsoft Visual Studio Solution File, Format Version 12.00
# Visual Studio Version 17
VisualStudioVersion = 17.10.35027.167
MinimumVisualStudioVersion = 10.0.40219.1
Project("{FAE04EC0-301F-11D3-BF4B-00C04F79EFBC}") = "estados_teams", "estados_teams\estados_teams.csproj", "{A1B2855C-DC07-459E-AF08-01D83733C98E}"
EndProject
Global
	GlobalSection(SolutionConfigurationPlatforms) = preSolution
		Debug|Any CPU = Debug|Any CPU
		Release|Any CPU = Release|Any CPU
	EndGlobalSection
	GlobalSection(ProjectConfigurationPlatforms) = postSolution
		{A1B2855C-DC07-459E-AF08-01D83733C98E}.Debug|Any CPU.ActiveCfg = Debug|Any CPU
		{A1B2855C-DC07-459E-AF08-01D83733C98E}.Debug|Any CPU.Build.0 = Debug|Any CPU
		{A1B2855C-DC07-459E-AF08-01D83733C98E}.Release|Any CPU.ActiveCfg = Release|Any CPU
		{A1B2855C-DC07-459E-AF08-01D83733C98E}.Release|Any CPU.Build.0 = Release|Any CPU
	EndGlobalSection
	GlobalSection(SolutionProperties) = preSolution
		HideSolutionNode = FALSE
	EndGlobalSection
	GlobalSection(ExtensibilityGlobals) = postSolution
		SolutionGuid = {601E18C7-FBCD-4EDA-9867-F753E7B95F9E}
	EndGlobalSection
EndGlobal
